
Microsoft Visual Studio Solution File, Format Version 12.00
# Visual Studio Version 17
VisualStudioVersion = 17.5.002.0
MinimumVisualStudioVersion = 10.0.40219.1
Project("{9A19103F-16F7-4668-BE54-9A1E7A4F7556}") = "DesafioProjetoHospedagem", "DesafioProjetoHospedagem.csproj", "{9B647091-AEA6-43EE-A4D7-43CA0D4DFBEB}"
EndProject
Global
	GlobalSection(SolutionConfigurationPlatforms) = preSolution
		Debug|Any CPU = Debug|Any CPU
		Release|Any CPU = Release|Any CPU
	EndGlobalSection
	GlobalSection(ProjectConfigurationPlatforms) = postSolution
		{9B647091-AEA6-43EE-A4D7-43CA0D4DFBEB}.Debug|Any CPU.ActiveCfg = Debug|Any CPU
		{9B647091-AEA6-43EE-A4D7-43CA0D4DFBEB}.Debug|Any CPU.Build.0 = Debug|Any CPU
		{9B647091-AEA6-43EE-A4D7-43CA0D4DFBEB}.Release|Any CPU.ActiveCfg = Release|Any CPU
		{9B647091-AEA6-43EE-A4D7-43CA0D4DFBEB}.Release|Any CPU.Build.0 = Release|Any CPU
	EndGlobalSection
	GlobalSection(SolutionProperties) = preSolution
		HideSolutionNode = FALSE
	EndGlobalSection
	GlobalSection(ExtensibilityGlobals) = postSolution
		SolutionGuid = {392DEF25-94D4-445B-9996-9FBDC9D040DF}
	EndGlobalSection
EndGlobal
